// !$*UTF8*$!
{
	archiveVersion = 1;
	classes = {
	};
	objectVersion = 48;
	objects = {

/* Begin PBXBuildFile section */
		EE3A6C5B207EB4CE00D5B385 /* TileStackFactory.m in Sources */ = {isa = PBXBuildFile; fileRef = EE3A6C5A207EB4CE00D5B385 /* TileStackFactory.m */; };
		EE3A6C5C207EB4CE00D5B385 /* TileStackFactory.m in Sources */ = {isa = PBXBuildFile; fileRef = EE3A6C5A207EB4CE00D5B385 /* TileStackFactory.m */; };
		EE766790206D61AB00BF32B6 /* ViewController.m in Sources */ = {isa = PBXBuildFile; fileRef = EE813EAE206D5AC4003A793A /* ViewController.m */; };
		EE766792206D65CC00BF32B6 /* RouterTests.m in Sources */ = {isa = PBXBuildFile; fileRef = EE766791206D65CC00BF32B6 /* RouterTests.m */; };
		EE766798206D6A0300BF32B6 /* GameStatesBase.m in Sources */ = {isa = PBXBuildFile; fileRef = EE766797206D6A0300BF32B6 /* GameStatesBase.m */; };
		EE766799206D6A0300BF32B6 /* GameStatesBase.m in Sources */ = {isa = PBXBuildFile; fileRef = EE766797206D6A0300BF32B6 /* GameStatesBase.m */; };
		EE76679C206D8E6700BF32B6 /* NewGameState.m in Sources */ = {isa = PBXBuildFile; fileRef = EE76679B206D8E6700BF32B6 /* NewGameState.m */; };
		EE76679D206D8E6700BF32B6 /* NewGameState.m in Sources */ = {isa = PBXBuildFile; fileRef = EE76679B206D8E6700BF32B6 /* NewGameState.m */; };
		EE7667A0206D8EE800BF32B6 /* PlayGameState.m in Sources */ = {isa = PBXBuildFile; fileRef = EE76679F206D8EE800BF32B6 /* PlayGameState.m */; };
		EE7667A1206D8EE800BF32B6 /* PlayGameState.m in Sources */ = {isa = PBXBuildFile; fileRef = EE76679F206D8EE800BF32B6 /* PlayGameState.m */; };
		EE7667A4206E459B00BF32B6 /* EndGameState.m in Sources */ = {isa = PBXBuildFile; fileRef = EE7667A3206E459B00BF32B6 /* EndGameState.m */; };
		EE7667A5206E459B00BF32B6 /* EndGameState.m in Sources */ = {isa = PBXBuildFile; fileRef = EE7667A3206E459B00BF32B6 /* EndGameState.m */; };
		EE7667A8206E64DB00BF32B6 /* GameBoard.m in Sources */ = {isa = PBXBuildFile; fileRef = EE7667A7206E64DB00BF32B6 /* GameBoard.m */; };
		EE7667A9206E64DB00BF32B6 /* GameBoard.m in Sources */ = {isa = PBXBuildFile; fileRef = EE7667A7206E64DB00BF32B6 /* GameBoard.m */; };
		EE7667AC206E64F100BF32B6 /* TileStack.m in Sources */ = {isa = PBXBuildFile; fileRef = EE7667AB206E64F100BF32B6 /* TileStack.m */; };
		EE7667AD206E64F100BF32B6 /* TileStack.m in Sources */ = {isa = PBXBuildFile; fileRef = EE7667AB206E64F100BF32B6 /* TileStack.m */; };
		EE7667B1206EBDE300BF32B6 /* Tile.m in Sources */ = {isa = PBXBuildFile; fileRef = EE7667B0206EBDE300BF32B6 /* Tile.m */; };
		EE7667B2206EBDE300BF32B6 /* Tile.m in Sources */ = {isa = PBXBuildFile; fileRef = EE7667B0206EBDE300BF32B6 /* Tile.m */; };
		EE813EAC206D5AC4003A793A /* AppDelegate.m in Sources */ = {isa = PBXBuildFile; fileRef = EE813EAB206D5AC4003A793A /* AppDelegate.m */; };
		EE813EAF206D5AC4003A793A /* ViewController.m in Sources */ = {isa = PBXBuildFile; fileRef = EE813EAE206D5AC4003A793A /* ViewController.m */; };
		EE813EB2206D5AC4003A793A /* Main.storyboard in Resources */ = {isa = PBXBuildFile; fileRef = EE813EB0206D5AC4003A793A /* Main.storyboard */; };
		EE813EB5206D5AC4003A793A /* connect4.xcdatamodeld in Sources */ = {isa = PBXBuildFile; fileRef = EE813EB3206D5AC4003A793A /* connect4.xcdatamodeld */; };
		EE813EB7206D5AC4003A793A /* Assets.xcassets in Resources */ = {isa = PBXBuildFile; fileRef = EE813EB6206D5AC4003A793A /* Assets.xcassets */; };
		EE813EBA206D5AC4003A793A /* LaunchScreen.storyboard in Resources */ = {isa = PBXBuildFile; fileRef = EE813EB8206D5AC4003A793A /* LaunchScreen.storyboard */; };
		EE813EBD206D5AC4003A793A /* main.m in Sources */ = {isa = PBXBuildFile; fileRef = EE813EBC206D5AC4003A793A /* main.m */; };
		EE813EC7206D5AC5003A793A /* connect4Tests.m in Sources */ = {isa = PBXBuildFile; fileRef = EE813EC6206D5AC5003A793A /* connect4Tests.m */; };
		EE813ED2206D5AC5003A793A /* connect4UITests.m in Sources */ = {isa = PBXBuildFile; fileRef = EE813ED1206D5AC5003A793A /* connect4UITests.m */; };
		EE813EE5206D5F1B003A793A /* ViewModel.m in Sources */ = {isa = PBXBuildFile; fileRef = EE813EE4206D5F1B003A793A /* ViewModel.m */; };
		EE813EE6206D5F1B003A793A /* ViewModel.m in Sources */ = {isa = PBXBuildFile; fileRef = EE813EE4206D5F1B003A793A /* ViewModel.m */; };
		EE813EEA206D5F8F003A793A /* Router.m in Sources */ = {isa = PBXBuildFile; fileRef = EE813EE9206D5F8F003A793A /* Router.m */; };
		EE813EEB206D5F8F003A793A /* Router.m in Sources */ = {isa = PBXBuildFile; fileRef = EE813EE9206D5F8F003A793A /* Router.m */; };
/* End PBXBuildFile section */

/* Begin PBXContainerItemProxy section */
		EE813EC3206D5AC5003A793A /* PBXContainerItemProxy */ = {
			isa = PBXContainerItemProxy;
			containerPortal = EE813E9F206D5AC4003A793A /* Project object */;
			proxyType = 1;
			remoteGlobalIDString = EE813EA6206D5AC4003A793A;
			remoteInfo = connect4;
		};
		EE813ECE206D5AC5003A793A /* PBXContainerItemProxy */ = {
			isa = PBXContainerItemProxy;
			containerPortal = EE813E9F206D5AC4003A793A /* Project object */;
			proxyType = 1;
			remoteGlobalIDString = EE813EA6206D5AC4003A793A;
			remoteInfo = connect4;
		};
/* End PBXContainerItemProxy section */

/* Begin PBXFileReference section */
		EE3A6C59207EB4CE00D5B385 /* TileStackFactory.h */ = {isa = PBXFileReference; lastKnownFileType = sourcecode.c.h; path = TileStackFactory.h; sourceTree = "<group>"; };
		EE3A6C5A207EB4CE00D5B385 /* TileStackFactory.m */ = {isa = PBXFileReference; lastKnownFileType = sourcecode.c.objc; path = TileStackFactory.m; sourceTree = "<group>"; };
		EE3A6C5D207EB55300D5B385 /* FactoryProtocols.h */ = {isa = PBXFileReference; lastKnownFileType = sourcecode.c.h; path = FactoryProtocols.h; sourceTree = "<group>"; };
		EE766791206D65CC00BF32B6 /* RouterTests.m */ = {isa = PBXFileReference; lastKnownFileType = sourcecode.c.objc; path = RouterTests.m; sourceTree = "<group>"; };
		EE766795206D68CA00BF32B6 /* GameStateProtocols.h */ = {isa = PBXFileReference; lastKnownFileType = sourcecode.c.h; path = GameStateProtocols.h; sourceTree = "<group>"; };
		EE766796206D6A0300BF32B6 /* GameStatesBase.h */ = {isa = PBXFileReference; lastKnownFileType = sourcecode.c.h; path = GameStatesBase.h; sourceTree = "<group>"; };
		EE766797206D6A0300BF32B6 /* GameStatesBase.m */ = {isa = PBXFileReference; lastKnownFileType = sourcecode.c.objc; path = GameStatesBase.m; sourceTree = "<group>"; };
		EE76679A206D8E6700BF32B6 /* NewGameState.h */ = {isa = PBXFileReference; lastKnownFileType = sourcecode.c.h; path = NewGameState.h; sourceTree = "<group>"; };
		EE76679B206D8E6700BF32B6 /* NewGameState.m */ = {isa = PBXFileReference; lastKnownFileType = sourcecode.c.objc; path = NewGameState.m; sourceTree = "<group>"; };
		EE76679E206D8EE800BF32B6 /* PlayGameState.h */ = {isa = PBXFileReference; lastKnownFileType = sourcecode.c.h; path = PlayGameState.h; sourceTree = "<group>"; };
		EE76679F206D8EE800BF32B6 /* PlayGameState.m */ = {isa = PBXFileReference; lastKnownFileType = sourcecode.c.objc; path = PlayGameState.m; sourceTree = "<group>"; };
		EE7667A2206E459B00BF32B6 /* EndGameState.h */ = {isa = PBXFileReference; lastKnownFileType = sourcecode.c.h; path = EndGameState.h; sourceTree = "<group>"; };
		EE7667A3206E459B00BF32B6 /* EndGameState.m */ = {isa = PBXFileReference; lastKnownFileType = sourcecode.c.objc; path = EndGameState.m; sourceTree = "<group>"; };
		EE7667A6206E64DB00BF32B6 /* GameBoard.h */ = {isa = PBXFileReference; lastKnownFileType = sourcecode.c.h; path = GameBoard.h; sourceTree = "<group>"; };
		EE7667A7206E64DB00BF32B6 /* GameBoard.m */ = {isa = PBXFileReference; lastKnownFileType = sourcecode.c.objc; path = GameBoard.m; sourceTree = "<group>"; };
		EE7667AA206E64F100BF32B6 /* TileStack.h */ = {isa = PBXFileReference; lastKnownFileType = sourcecode.c.h; path = TileStack.h; sourceTree = "<group>"; };
		EE7667AB206E64F100BF32B6 /* TileStack.m */ = {isa = PBXFileReference; lastKnownFileType = sourcecode.c.objc; path = TileStack.m; sourceTree = "<group>"; };
		EE7667AF206EBDE200BF32B6 /* Tile.h */ = {isa = PBXFileReference; lastKnownFileType = sourcecode.c.h; path = Tile.h; sourceTree = "<group>"; };
		EE7667B0206EBDE300BF32B6 /* Tile.m */ = {isa = PBXFileReference; lastKnownFileType = sourcecode.c.objc; path = Tile.m; sourceTree = "<group>"; };
		EE813EA7206D5AC4003A793A /* connect4.app */ = {isa = PBXFileReference; explicitFileType = wrapper.application; includeInIndex = 0; path = connect4.app; sourceTree = BUILT_PRODUCTS_DIR; };
		EE813EAA206D5AC4003A793A /* AppDelegate.h */ = {isa = PBXFileReference; lastKnownFileType = sourcecode.c.h; path = AppDelegate.h; sourceTree = "<group>"; };
		EE813EAB206D5AC4003A793A /* AppDelegate.m */ = {isa = PBXFileReference; lastKnownFileType = sourcecode.c.objc; path = AppDelegate.m; sourceTree = "<group>"; };
		EE813EAD206D5AC4003A793A /* ViewController.h */ = {isa = PBXFileReference; lastKnownFileType = sourcecode.c.h; path = ViewController.h; sourceTree = "<group>"; };
		EE813EAE206D5AC4003A793A /* ViewController.m */ = {isa = PBXFileReference; lastKnownFileType = sourcecode.c.objc; path = ViewController.m; sourceTree = "<group>"; };
		EE813EB1206D5AC4003A793A /* Base */ = {isa = PBXFileReference; lastKnownFileType = file.storyboard; name = Base; path = Base.lproj/Main.storyboard; sourceTree = "<group>"; };
		EE813EB4206D5AC4003A793A /* connect4.xcdatamodel */ = {isa = PBXFileReference; lastKnownFileType = wrapper.xcdatamodel; path = connect4.xcdatamodel; sourceTree = "<group>"; };
		EE813EB6206D5AC4003A793A /* Assets.xcassets */ = {isa = PBXFileReference; lastKnownFileType = folder.assetcatalog; path = Assets.xcassets; sourceTree = "<group>"; };
		EE813EB9206D5AC4003A793A /* Base */ = {isa = PBXFileReference; lastKnownFileType = file.storyboard; name = Base; path = Base.lproj/LaunchScreen.storyboard; sourceTree = "<group>"; };
		EE813EBB206D5AC4003A793A /* Info.plist */ = {isa = PBXFileReference; lastKnownFileType = text.plist.xml; path = Info.plist; sourceTree = "<group>"; };
		EE813EBC206D5AC4003A793A /* main.m */ = {isa = PBXFileReference; lastKnownFileType = sourcecode.c.objc; path = main.m; sourceTree = "<group>"; };
		EE813EC2206D5AC5003A793A /* connect4Tests.xctest */ = {isa = PBXFileReference; explicitFileType = wrapper.cfbundle; includeInIndex = 0; path = connect4Tests.xctest; sourceTree = BUILT_PRODUCTS_DIR; };
		EE813EC6206D5AC5003A793A /* connect4Tests.m */ = {isa = PBXFileReference; lastKnownFileType = sourcecode.c.objc; path = connect4Tests.m; sourceTree = "<group>"; };
		EE813EC8206D5AC5003A793A /* Info.plist */ = {isa = PBXFileReference; lastKnownFileType = text.plist.xml; path = Info.plist; sourceTree = "<group>"; };
		EE813ECD206D5AC5003A793A /* connect4UITests.xctest */ = {isa = PBXFileReference; explicitFileType = wrapper.cfbundle; includeInIndex = 0; path = connect4UITests.xctest; sourceTree = BUILT_PRODUCTS_DIR; };
		EE813ED1206D5AC5003A793A /* connect4UITests.m */ = {isa = PBXFileReference; lastKnownFileType = sourcecode.c.objc; path = connect4UITests.m; sourceTree = "<group>"; };
		EE813ED3206D5AC5003A793A /* Info.plist */ = {isa = PBXFileReference; lastKnownFileType = text.plist.xml; path = Info.plist; sourceTree = "<group>"; };
		EE813EE3206D5F1A003A793A /* ViewModel.h */ = {isa = PBXFileReference; lastKnownFileType = sourcecode.c.h; path = ViewModel.h; sourceTree = "<group>"; };
		EE813EE4206D5F1B003A793A /* ViewModel.m */ = {isa = PBXFileReference; lastKnownFileType = sourcecode.c.objc; path = ViewModel.m; sourceTree = "<group>"; };
		EE813EE7206D5F3A003A793A /* Protocols.h */ = {isa = PBXFileReference; lastKnownFileType = sourcecode.c.h; path = Protocols.h; sourceTree = "<group>"; };
		EE813EE8206D5F8F003A793A /* Router.h */ = {isa = PBXFileReference; lastKnownFileType = sourcecode.c.h; path = Router.h; sourceTree = "<group>"; };
		EE813EE9206D5F8F003A793A /* Router.m */ = {isa = PBXFileReference; lastKnownFileType = sourcecode.c.objc; path = Router.m; sourceTree = "<group>"; };
/* End PBXFileReference section */

/* Begin PBXFrameworksBuildPhase section */
		EE813EA4206D5AC4003A793A /* Frameworks */ = {
			isa = PBXFrameworksBuildPhase;
			buildActionMask = 2147483647;
			files = (
			);
			runOnlyForDeploymentPostprocessing = 0;
		};
		EE813EBF206D5AC5003A793A /* Frameworks */ = {
			isa = PBXFrameworksBuildPhase;
			buildActionMask = 2147483647;
			files = (
			);
			runOnlyForDeploymentPostprocessing = 0;
		};
		EE813ECA206D5AC5003A793A /* Frameworks */ = {
			isa = PBXFrameworksBuildPhase;
			buildActionMask = 2147483647;
			files = (
			);
			runOnlyForDeploymentPostprocessing = 0;
		};
/* End PBXFrameworksBuildPhase section */

/* Begin PBXGroup section */
		EE3A6C58207EB4AB00D5B385 /* Factories */ = {
			isa = PBXGroup;
			children = (
				EE3A6C59207EB4CE00D5B385 /* TileStackFactory.h */,
				EE3A6C5A207EB4CE00D5B385 /* TileStackFactory.m */,
			);
			path = Factories;
			sourceTree = "<group>";
		};
		EE766793206D685400BF32B6 /* Entities */ = {
			isa = PBXGroup;
			children = (
				EE3A6C58207EB4AB00D5B385 /* Factories */,
				EE7667A6206E64DB00BF32B6 /* GameBoard.h */,
				EE7667A7206E64DB00BF32B6 /* GameBoard.m */,
				EE7667AA206E64F100BF32B6 /* TileStack.h */,
				EE7667AB206E64F100BF32B6 /* TileStack.m */,
				EE7667AF206EBDE200BF32B6 /* Tile.h */,
				EE7667B0206EBDE300BF32B6 /* Tile.m */,
			);
			path = Entities;
			sourceTree = "<group>";
		};
		EE766794206D685D00BF32B6 /* GameStates */ = {
			isa = PBXGroup;
			children = (
				EE766796206D6A0300BF32B6 /* GameStatesBase.h */,
				EE766797206D6A0300BF32B6 /* GameStatesBase.m */,
				EE76679A206D8E6700BF32B6 /* NewGameState.h */,
				EE76679B206D8E6700BF32B6 /* NewGameState.m */,
				EE76679E206D8EE800BF32B6 /* PlayGameState.h */,
				EE76679F206D8EE800BF32B6 /* PlayGameState.m */,
				EE7667A2206E459B00BF32B6 /* EndGameState.h */,
				EE7667A3206E459B00BF32B6 /* EndGameState.m */,
			);
			path = GameStates;
			sourceTree = "<group>";
		};
		EE813E9E206D5AC4003A793A = {
			isa = PBXGroup;
			children = (
				EE813EA9206D5AC4003A793A /* connect4 */,
				EE813EC5206D5AC5003A793A /* connect4Tests */,
				EE813ED0206D5AC5003A793A /* connect4UITests */,
				EE813EA8206D5AC4003A793A /* Products */,
			);
			sourceTree = "<group>";
		};
		EE813EA8206D5AC4003A793A /* Products */ = {
			isa = PBXGroup;
			children = (
				EE813EA7206D5AC4003A793A /* connect4.app */,
				EE813EC2206D5AC5003A793A /* connect4Tests.xctest */,
				EE813ECD206D5AC5003A793A /* connect4UITests.xctest */,
			);
			name = Products;
			sourceTree = "<group>";
		};
		EE813EA9206D5AC4003A793A /* connect4 */ = {
			isa = PBXGroup;
			children = (
				EE766794206D685D00BF32B6 /* GameStates */,
				EE766793206D685400BF32B6 /* Entities */,
				EE813EE2206D5EF3003A793A /* Protocols */,
				EE813EE1206D5EC6003A793A /* Router */,
				EE813EE0206D5EBF003A793A /* ViewModel */,
				EE813EDF206D5EB4003A793A /* ViewController */,
				EE813EAA206D5AC4003A793A /* AppDelegate.h */,
				EE813EAB206D5AC4003A793A /* AppDelegate.m */,
				EE813EB0206D5AC4003A793A /* Main.storyboard */,
				EE813EB6206D5AC4003A793A /* Assets.xcassets */,
				EE813EB8206D5AC4003A793A /* LaunchScreen.storyboard */,
				EE813EBB206D5AC4003A793A /* Info.plist */,
				EE813EBC206D5AC4003A793A /* main.m */,
				EE813EB3206D5AC4003A793A /* connect4.xcdatamodeld */,
			);
			path = connect4;
			sourceTree = "<group>";
		};
		EE813EC5206D5AC5003A793A /* connect4Tests */ = {
			isa = PBXGroup;
			children = (
				EE813EC6206D5AC5003A793A /* connect4Tests.m */,
				EE813EC8206D5AC5003A793A /* Info.plist */,
				EE766791206D65CC00BF32B6 /* RouterTests.m */,
			);
			path = connect4Tests;
			sourceTree = "<group>";
		};
		EE813ED0206D5AC5003A793A /* connect4UITests */ = {
			isa = PBXGroup;
			children = (
				EE813ED1206D5AC5003A793A /* connect4UITests.m */,
				EE813ED3206D5AC5003A793A /* Info.plist */,
			);
			path = connect4UITests;
			sourceTree = "<group>";
		};
		EE813EDF206D5EB4003A793A /* ViewController */ = {
			isa = PBXGroup;
			children = (
				EE813EAD206D5AC4003A793A /* ViewController.h */,
				EE813EAE206D5AC4003A793A /* ViewController.m */,
			);
			path = ViewController;
			sourceTree = "<group>";
		};
		EE813EE0206D5EBF003A793A /* ViewModel */ = {
			isa = PBXGroup;
			children = (
				EE813EE3206D5F1A003A793A /* ViewModel.h */,
				EE813EE4206D5F1B003A793A /* ViewModel.m */,
			);
			path = ViewModel;
			sourceTree = "<group>";
		};
		EE813EE1206D5EC6003A793A /* Router */ = {
			isa = PBXGroup;
			children = (
				EE813EE8206D5F8F003A793A /* Router.h */,
				EE813EE9206D5F8F003A793A /* Router.m */,
			);
			path = Router;
			sourceTree = "<group>";
		};
		EE813EE2206D5EF3003A793A /* Protocols */ = {
			isa = PBXGroup;
			children = (
				EE813EE7206D5F3A003A793A /* Protocols.h */,
				EE766795206D68CA00BF32B6 /* GameStateProtocols.h */,
				EE3A6C5D207EB55300D5B385 /* FactoryProtocols.h */,
			);
			path = Protocols;
			sourceTree = "<group>";
		};
/* End PBXGroup section */

/* Begin PBXNativeTarget section */
		EE813EA6206D5AC4003A793A /* connect4 */ = {
			isa = PBXNativeTarget;
			buildConfigurationList = EE813ED6206D5AC5003A793A /* Build configuration list for PBXNativeTarget "connect4" */;
			buildPhases = (
				EE813EA3206D5AC4003A793A /* Sources */,
				EE813EA4206D5AC4003A793A /* Frameworks */,
				EE813EA5206D5AC4003A793A /* Resources */,
			);
			buildRules = (
			);
			dependencies = (
			);
			name = connect4;
			productName = connect4;
			productReference = EE813EA7206D5AC4003A793A /* connect4.app */;
			productType = "com.apple.product-type.application";
		};
		EE813EC1206D5AC5003A793A /* connect4Tests */ = {
			isa = PBXNativeTarget;
			buildConfigurationList = EE813ED9206D5AC5003A793A /* Build configuration list for PBXNativeTarget "connect4Tests" */;
			buildPhases = (
				EE813EBE206D5AC5003A793A /* Sources */,
				EE813EBF206D5AC5003A793A /* Frameworks */,
				EE813EC0206D5AC5003A793A /* Resources */,
			);
			buildRules = (
			);
			dependencies = (
				EE813EC4206D5AC5003A793A /* PBXTargetDependency */,
			);
			name = connect4Tests;
			productName = connect4Tests;
			productReference = EE813EC2206D5AC5003A793A /* connect4Tests.xctest */;
			productType = "com.apple.product-type.bundle.unit-test";
		};
		EE813ECC206D5AC5003A793A /* connect4UITests */ = {
			isa = PBXNativeTarget;
			buildConfigurationList = EE813EDC206D5AC5003A793A /* Build configuration list for PBXNativeTarget "connect4UITests" */;
			buildPhases = (
				EE813EC9206D5AC5003A793A /* Sources */,
				EE813ECA206D5AC5003A793A /* Frameworks */,
				EE813ECB206D5AC5003A793A /* Resources */,
			);
			buildRules = (
			);
			dependencies = (
				EE813ECF206D5AC5003A793A /* PBXTargetDependency */,
			);
			name = connect4UITests;
			productName = connect4UITests;
			productReference = EE813ECD206D5AC5003A793A /* connect4UITests.xctest */;
			productType = "com.apple.product-type.bundle.ui-testing";
		};
/* End PBXNativeTarget section */

/* Begin PBXProject section */
		EE813E9F206D5AC4003A793A /* Project object */ = {
			isa = PBXProject;
			attributes = {
				LastUpgradeCheck = 0910;
				ORGANIZATIONNAME = martinogg;
				TargetAttributes = {
					EE813EA6206D5AC4003A793A = {
						CreatedOnToolsVersion = 9.1;
						ProvisioningStyle = Automatic;
					};
					EE813EC1206D5AC5003A793A = {
						CreatedOnToolsVersion = 9.1;
						ProvisioningStyle = Automatic;
						TestTargetID = EE813EA6206D5AC4003A793A;
					};
					EE813ECC206D5AC5003A793A = {
						CreatedOnToolsVersion = 9.1;
						ProvisioningStyle = Automatic;
						TestTargetID = EE813EA6206D5AC4003A793A;
					};
				};
			};
			buildConfigurationList = EE813EA2206D5AC4003A793A /* Build configuration list for PBXProject "connect4" */;
			compatibilityVersion = "Xcode 8.0";
			developmentRegion = en;
			hasScannedForEncodings = 0;
			knownRegions = (
				en,
				Base,
			);
			mainGroup = EE813E9E206D5AC4003A793A;
			productRefGroup = EE813EA8206D5AC4003A793A /* Products */;
			projectDirPath = "";
			projectRoot = "";
			targets = (
				EE813EA6206D5AC4003A793A /* connect4 */,
				EE813EC1206D5AC5003A793A /* connect4Tests */,
				EE813ECC206D5AC5003A793A /* connect4UITests */,
			);
		};
/* End PBXProject section */

/* Begin PBXResourcesBuildPhase section */
		EE813EA5206D5AC4003A793A /* Resources */ = {
			isa = PBXResourcesBuildPhase;
			buildActionMask = 2147483647;
			files = (
				EE813EBA206D5AC4003A793A /* LaunchScreen.storyboard in Resources */,
				EE813EB7206D5AC4003A793A /* Assets.xcassets in Resources */,
				EE813EB2206D5AC4003A793A /* Main.storyboard in Resources */,
			);
			runOnlyForDeploymentPostprocessing = 0;
		};
		EE813EC0206D5AC5003A793A /* Resources */ = {
			isa = PBXResourcesBuildPhase;
			buildActionMask = 2147483647;
			files = (
			);
			runOnlyForDeploymentPostprocessing = 0;
		};
		EE813ECB206D5AC5003A793A /* Resources */ = {
			isa = PBXResourcesBuildPhase;
			buildActionMask = 2147483647;
			files = (
			);
			runOnlyForDeploymentPostprocessing = 0;
		};
/* End PBXResourcesBuildPhase section */

/* Begin PBXSourcesBuildPhase section */
		EE813EA3206D5AC4003A793A /* Sources */ = {
			isa = PBXSourcesBuildPhase;
			buildActionMask = 2147483647;
			files = (
				EE7667B1206EBDE300BF32B6 /* Tile.m in Sources */,
				EE813EB5206D5AC4003A793A /* connect4.xcdatamodeld in Sources */,
				EE813EAF206D5AC4003A793A /* ViewController.m in Sources */,
				EE7667A0206D8EE800BF32B6 /* PlayGameState.m in Sources */,
				EE7667A8206E64DB00BF32B6 /* GameBoard.m in Sources */,
				EE7667A4206E459B00BF32B6 /* EndGameState.m in Sources */,
				EE813EE5206D5F1B003A793A /* ViewModel.m in Sources */,
				EE7667AC206E64F100BF32B6 /* TileStack.m in Sources */,
				EE813EBD206D5AC4003A793A /* main.m in Sources */,
				EE813EEA206D5F8F003A793A /* Router.m in Sources */,
				EE813EAC206D5AC4003A793A /* AppDelegate.m in Sources */,
				EE3A6C5B207EB4CE00D5B385 /* TileStackFactory.m in Sources */,
				EE76679C206D8E6700BF32B6 /* NewGameState.m in Sources */,
				EE766798206D6A0300BF32B6 /* GameStatesBase.m in Sources */,
			);
			runOnlyForDeploymentPostprocessing = 0;
		};
		EE813EBE206D5AC5003A793A /* Sources */ = {
			isa = PBXSourcesBuildPhase;
			buildActionMask = 2147483647;
			files = (
				EE813EE6206D5F1B003A793A /* ViewModel.m in Sources */,
				EE813EEB206D5F8F003A793A /* Router.m in Sources */,
				EE7667A9206E64DB00BF32B6 /* GameBoard.m in Sources */,
				EE766799206D6A0300BF32B6 /* GameStatesBase.m in Sources */,
				EE76679D206D8E6700BF32B6 /* NewGameState.m in Sources */,
				EE7667A1206D8EE800BF32B6 /* PlayGameState.m in Sources */,
				EE766792206D65CC00BF32B6 /* RouterTests.m in Sources */,
				EE7667B2206EBDE300BF32B6 /* Tile.m in Sources */,
				EE766790206D61AB00BF32B6 /* ViewController.m in Sources */,
				EE3A6C5C207EB4CE00D5B385 /* TileStackFactory.m in Sources */,
				EE7667A5206E459B00BF32B6 /* EndGameState.m in Sources */,
				EE7667AD206E64F100BF32B6 /* TileStack.m in Sources */,
				EE813EC7206D5AC5003A793A /* connect4Tests.m in Sources */,
			);
			runOnlyForDeploymentPostprocessing = 0;
		};
		EE813EC9206D5AC5003A793A /* Sources */ = {
			isa = PBXSourcesBuildPhase;
			buildActionMask = 2147483647;
			files = (
				EE813ED2206D5AC5003A793A /* connect4UITests.m in Sources */,
			);
			runOnlyForDeploymentPostprocessing = 0;
		};
/* End PBXSourcesBuildPhase section */

/* Begin PBXTargetDependency section */
		EE813EC4206D5AC5003A793A /* PBXTargetDependency */ = {
			isa = PBXTargetDependency;
			target = EE813EA6206D5AC4003A793A /* connect4 */;
			targetProxy = EE813EC3206D5AC5003A793A /* PBXContainerItemProxy */;
		};
		EE813ECF206D5AC5003A793A /* PBXTargetDependency */ = {
			isa = PBXTargetDependency;
			target = EE813EA6206D5AC4003A793A /* connect4 */;
			targetProxy = EE813ECE206D5AC5003A793A /* PBXContainerItemProxy */;
		};
/* End PBXTargetDependency section */

/* Begin PBXVariantGroup section */
		EE813EB0206D5AC4003A793A /* Main.storyboard */ = {
			isa = PBXVariantGroup;
			children = (
				EE813EB1206D5AC4003A793A /* Base */,
			);
			name = Main.storyboard;
			sourceTree = "<group>";
		};
		EE813EB8206D5AC4003A793A /* LaunchScreen.storyboard */ = {
			isa = PBXVariantGroup;
			children = (
				EE813EB9206D5AC4003A793A /* Base */,
			);
			name = LaunchScreen.storyboard;
			sourceTree = "<group>";
		};
/* End PBXVariantGroup section */

/* Begin XCBuildConfiguration section */
		EE813ED4206D5AC5003A793A /* Debug */ = {
			isa = XCBuildConfiguration;
			buildSettings = {
				ALWAYS_SEARCH_USER_PATHS = NO;
				CLANG_ANALYZER_NONNULL = YES;
				CLANG_ANALYZER_NUMBER_OBJECT_CONVERSION = YES_AGGRESSIVE;
				CLANG_CXX_LANGUAGE_STANDARD = "gnu++14";
				CLANG_CXX_LIBRARY = "libc++";
				CLANG_ENABLE_MODULES = YES;
				CLANG_ENABLE_OBJC_ARC = YES;
				CLANG_WARN_BLOCK_CAPTURE_AUTORELEASING = YES;
				CLANG_WARN_BOOL_CONVERSION = YES;
				CLANG_WARN_COMMA = YES;
				CLANG_WARN_CONSTANT_CONVERSION = YES;
				CLANG_WARN_DIRECT_OBJC_ISA_USAGE = YES_ERROR;
				CLANG_WARN_DOCUMENTATION_COMMENTS = YES;
				CLANG_WARN_EMPTY_BODY = YES;
				CLANG_WARN_ENUM_CONVERSION = YES;
				CLANG_WARN_INFINITE_RECURSION = YES;
				CLANG_WARN_INT_CONVERSION = YES;
				CLANG_WARN_NON_LITERAL_NULL_CONVERSION = YES;
				CLANG_WARN_OBJC_LITERAL_CONVERSION = YES;
				CLANG_WARN_OBJC_ROOT_CLASS = YES_ERROR;
				CLANG_WARN_RANGE_LOOP_ANALYSIS = YES;
				CLANG_WARN_STRICT_PROTOTYPES = YES;
				CLANG_WARN_SUSPICIOUS_MOVE = YES;
				CLANG_WARN_UNGUARDED_AVAILABILITY = YES_AGGRESSIVE;
				CLANG_WARN_UNREACHABLE_CODE = YES;
				CLANG_WARN__DUPLICATE_METHOD_MATCH = YES;
				CODE_SIGN_IDENTITY = "iPhone Developer";
				COPY_PHASE_STRIP = NO;
				DEBUG_INFORMATION_FORMAT = dwarf;
				ENABLE_STRICT_OBJC_MSGSEND = YES;
				ENABLE_TESTABILITY = YES;
				GCC_C_LANGUAGE_STANDARD = gnu11;
				GCC_DYNAMIC_NO_PIC = NO;
				GCC_NO_COMMON_BLOCKS = YES;
				GCC_OPTIMIZATION_LEVEL = 0;
				GCC_PREPROCESSOR_DEFINITIONS = (
					"DEBUG=1",
					"$(inherited)",
				);
				GCC_WARN_64_TO_32_BIT_CONVERSION = YES;
				GCC_WARN_ABOUT_RETURN_TYPE = YES_ERROR;
				GCC_WARN_UNDECLARED_SELECTOR = YES;
				GCC_WARN_UNINITIALIZED_AUTOS = YES_AGGRESSIVE;
				GCC_WARN_UNUSED_FUNCTION = YES;
				GCC_WARN_UNUSED_VARIABLE = YES;
				IPHONEOS_DEPLOYMENT_TARGET = 11.1;
				MTL_ENABLE_DEBUG_INFO = YES;
				ONLY_ACTIVE_ARCH = YES;
				SDKROOT = iphoneos;
			};
			name = Debug;
		};
		EE813ED5206D5AC5003A793A /* Release */ = {
			isa = XCBuildConfiguration;
			buildSettings = {
				ALWAYS_SEARCH_USER_PATHS = NO;
				CLANG_ANALYZER_NONNULL = YES;
				CLANG_ANALYZER_NUMBER_OBJECT_CONVERSION = YES_AGGRESSIVE;
				CLANG_CXX_LANGUAGE_STANDARD = "gnu++14";
				CLANG_CXX_LIBRARY = "libc++";
				CLANG_ENABLE_MODULES = YES;
				CLANG_ENABLE_OBJC_ARC = YES;
				CLANG_WARN_BLOCK_CAPTURE_AUTORELEASING = YES;
				CLANG_WARN_BOOL_CONVERSION = YES;
				CLANG_WARN_COMMA = YES;
				CLANG_WARN_CONSTANT_CONVERSION = YES;
				CLANG_WARN_DIRECT_OBJC_ISA_USAGE = YES_ERROR;
				CLANG_WARN_DOCUMENTATION_COMMENTS = YES;
				CLANG_WARN_EMPTY_BODY = YES;
				CLANG_WARN_ENUM_CONVERSION = YES;
				CLANG_WARN_INFINITE_RECURSION = YES;
				CLANG_WARN_INT_CONVERSION = YES;
				CLANG_WARN_NON_LITERAL_NULL_CONVERSION = YES;
				CLANG_WARN_OBJC_LITERAL_CONVERSION = YES;
				CLANG_WARN_OBJC_ROOT_CLASS = YES_ERROR;
				CLANG_WARN_RANGE_LOOP_ANALYSIS = YES;
				CLANG_WARN_STRICT_PROTOTYPES = YES;
				CLANG_WARN_SUSPICIOUS_MOVE = YES;
				CLANG_WARN_UNGUARDED_AVAILABILITY = YES_AGGRESSIVE;
				CLANG_WARN_UNREACHABLE_CODE = YES;
				CLANG_WARN__DUPLICATE_METHOD_MATCH = YES;
				CODE_SIGN_IDENTITY = "iPhone Developer";
				COPY_PHASE_STRIP = NO;
				DEBUG_INFORMATION_FORMAT = "dwarf-with-dsym";
				ENABLE_NS_ASSERTIONS = NO;
				ENABLE_STRICT_OBJC_MSGSEND = YES;
				GCC_C_LANGUAGE_STANDARD = gnu11;
				GCC_NO_COMMON_BLOCKS = YES;
				GCC_WARN_64_TO_32_BIT_CONVERSION = YES;
				GCC_WARN_ABOUT_RETURN_TYPE = YES_ERROR;
				GCC_WARN_UNDECLARED_SELECTOR = YES;
				GCC_WARN_UNINITIALIZED_AUTOS = YES_AGGRESSIVE;
				GCC_WARN_UNUSED_FUNCTION = YES;
				GCC_WARN_UNUSED_VARIABLE = YES;
				IPHONEOS_DEPLOYMENT_TARGET = 11.1;
				MTL_ENABLE_DEBUG_INFO = NO;
				SDKROOT = iphoneos;
				VALIDATE_PRODUCT = YES;
			};
			name = Release;
		};
		EE813ED7206D5AC5003A793A /* Debug */ = {
			isa = XCBuildConfiguration;
			buildSettings = {
				ASSETCATALOG_COMPILER_APPICON_NAME = AppIcon;
				CODE_SIGN_STYLE = Automatic;
				INFOPLIST_FILE = connect4/Info.plist;
				LD_RUNPATH_SEARCH_PATHS = "$(inherited) @executable_path/Frameworks";
				PRODUCT_BUNDLE_IDENTIFIER = com.martinogg.connect4;
				PRODUCT_NAME = "$(TARGET_NAME)";
				TARGETED_DEVICE_FAMILY = "1,2";
			};
			name = Debug;
		};
		EE813ED8206D5AC5003A793A /* Release */ = {
			isa = XCBuildConfiguration;
			buildSettings = {
				ASSETCATALOG_COMPILER_APPICON_NAME = AppIcon;
				CODE_SIGN_STYLE = Automatic;
				INFOPLIST_FILE = connect4/Info.plist;
				LD_RUNPATH_SEARCH_PATHS = "$(inherited) @executable_path/Frameworks";
				PRODUCT_BUNDLE_IDENTIFIER = com.martinogg.connect4;
				PRODUCT_NAME = "$(TARGET_NAME)";
				TARGETED_DEVICE_FAMILY = "1,2";
			};
			name = Release;
		};
		EE813EDA206D5AC5003A793A /* Debug */ = {
			isa = XCBuildConfiguration;
			buildSettings = {
				BUNDLE_LOADER = "$(TEST_HOST)";
				CODE_SIGN_STYLE = Automatic;
				INFOPLIST_FILE = connect4Tests/Info.plist;
				LD_RUNPATH_SEARCH_PATHS = "$(inherited) @executable_path/Frameworks @loader_path/Frameworks";
				PRODUCT_BUNDLE_IDENTIFIER = com.martinogg.connect4Tests;
				PRODUCT_NAME = "$(TARGET_NAME)";
				TARGETED_DEVICE_FAMILY = "1,2";
				TEST_HOST = "$(BUILT_PRODUCTS_DIR)/connect4.app/connect4";
			};
			name = Debug;
		};
		EE813EDB206D5AC5003A793A /* Release */ = {
			isa = XCBuildConfiguration;
			buildSettings = {
				BUNDLE_LOADER = "$(TEST_HOST)";
				CODE_SIGN_STYLE = Automatic;
				INFOPLIST_FILE = connect4Tests/Info.plist;
				LD_RUNPATH_SEARCH_PATHS = "$(inherited) @executable_path/Frameworks @loader_path/Frameworks";
				PRODUCT_BUNDLE_IDENTIFIER = com.martinogg.connect4Tests;
				PRODUCT_NAME = "$(TARGET_NAME)";
				TARGETED_DEVICE_FAMILY = "1,2";
				TEST_HOST = "$(BUILT_PRODUCTS_DIR)/connect4.app/connect4";
			};
			name = Release;
		};
		EE813EDD206D5AC5003A793A /* Debug */ = {
			isa = XCBuildConfiguration;
			buildSettings = {
				CODE_SIGN_STYLE = Automatic;
				INFOPLIST_FILE = connect4UITests/Info.plist;
				LD_RUNPATH_SEARCH_PATHS = "$(inherited) @executable_path/Frameworks @loader_path/Frameworks";
				PRODUCT_BUNDLE_IDENTIFIER = com.martinogg.connect4UITests;
				PRODUCT_NAME = "$(TARGET_NAME)";
				TARGETED_DEVICE_FAMILY = "1,2";
				TEST_TARGET_NAME = connect4;
			};
			name = Debug;
		};
		EE813EDE206D5AC5003A793A /* Release */ = {
			isa = XCBuildConfiguration;
			buildSettings = {
				CODE_SIGN_STYLE = Automatic;
				INFOPLIST_FILE = connect4UITests/Info.plist;
				LD_RUNPATH_SEARCH_PATHS = "$(inherited) @executable_path/Frameworks @loader_path/Frameworks";
				PRODUCT_BUNDLE_IDENTIFIER = com.martinogg.connect4UITests;
				PRODUCT_NAME = "$(TARGET_NAME)";
				TARGETED_DEVICE_FAMILY = "1,2";
				TEST_TARGET_NAME = connect4;
			};
			name = Release;
		};
/* End XCBuildConfiguration section */

/* Begin XCConfigurationList section */
		EE813EA2206D5AC4003A793A /* Build configuration list for PBXProject "connect4" */ = {
			isa = XCConfigurationList;
			buildConfigurations = (
				EE813ED4206D5AC5003A793A /* Debug */,
				EE813ED5206D5AC5003A793A /* Release */,
			);
			defaultConfigurationIsVisible = 0;
			defaultConfigurationName = Release;
		};
		EE813ED6206D5AC5003A793A /* Build configuration list for PBXNativeTarget "connect4" */ = {
			isa = XCConfigurationList;
			buildConfigurations = (
				EE813ED7206D5AC5003A793A /* Debug */,
				EE813ED8206D5AC5003A793A /* Release */,
			);
			defaultConfigurationIsVisible = 0;
			defaultConfigurationName = Release;
		};
		EE813ED9206D5AC5003A793A /* Build configuration list for PBXNativeTarget "connect4Tests" */ = {
			isa = XCConfigurationList;
			buildConfigurations = (
				EE813EDA206D5AC5003A793A /* Debug */,
				EE813EDB206D5AC5003A793A /* Release */,
			);
			defaultConfigurationIsVisible = 0;
			defaultConfigurationName = Release;
		};
		EE813EDC206D5AC5003A793A /* Build configuration list for PBXNativeTarget "connect4UITests" */ = {
			isa = XCConfigurationList;
			buildConfigurations = (
				EE813EDD206D5AC5003A793A /* Debug */,
				EE813EDE206D5AC5003A793A /* Release */,
			);
			defaultConfigurationIsVisible = 0;
			defaultConfigurationName = Release;
		};
/* End XCConfigurationList section */

/* Begin XCVersionGroup section */
		EE813EB3206D5AC4003A793A /* connect4.xcdatamodeld */ = {
			isa = XCVersionGroup;
			children = (
				EE813EB4206D5AC4003A793A /* connect4.xcdatamodel */,
			);
			currentVersion = EE813EB4206D5AC4003A793A /* connect4.xcdatamodel */;
			path = connect4.xcdatamodeld;
			sourceTree = "<group>";
			versionGroupType = wrapper.xcdatamodel;
		};
/* End XCVersionGroup section */
	};
	rootObject = EE813E9F206D5AC4003A793A /* Project object */;
}
